
Microsoft Visual Studio Solution File, Format Version 12.00
# Visual Studio Version 17
VisualStudioVersion = 17.11.35222.181
MinimumVisualStudioVersion = 10.0.40219.1
Project("{8BC9CEB8-8B4A-11D0-8D11-00A0C91BC942}") = "PmfExOne", "PmfExOne.vcxproj", "{D5795687-B016-403D-B7A9-CF7C41F269DA}"
EndProject
Global
	GlobalSection(SolutionConfigurationPlatforms) = preSolution
		Debug|x64 = Debug|x64
		Debug|x86 = Debug|x86
		Release|x64 = Release|x64
		Release|x86 = Release|x86
	EndGlobalSection
	GlobalSection(ProjectConfigurationPlatforms) = postSolution
		{D5795687-B016-403D-B7A9-CF7C41F269DA}.Debug|x64.ActiveCfg = Debug|x64
		{D5795687-B016-403D-B7A9-CF7C41F269DA}.Debug|x64.Build.0 = Debug|x64
		{D5795687-B016-403D-B7A9-CF7C41F269DA}.Debug|x86.ActiveCfg = Debug|Win32
		{D5795687-B016-403D-B7A9-CF7C41F269DA}.Debug|x86.Build.0 = Debug|Win32
		{D5795687-B016-403D-B7A9-CF7C41F269DA}.Release|x64.ActiveCfg = Release|x64
		{D5795687-B016-403D-B7A9-CF7C41F269DA}.Release|x64.Build.0 = Release|x64
		{D5795687-B016-403D-B7A9-CF7C41F269DA}.Release|x86.ActiveCfg = Release|Win32
		{D5795687-B016-403D-B7A9-CF7C41F269DA}.Release|x86.Build.0 = Release|Win32
	EndGlobalSection
	GlobalSection(SolutionProperties) = preSolution
		HideSolutionNode = FALSE
	EndGlobalSection
	GlobalSection(ExtensibilityGlobals) = postSolution
		SolutionGuid = {AA7CEB4F-883F-4478-A030-6B7ED5023485}
	EndGlobalSection
EndGlobal
